
Microsoft Visual Studio Solution File, Format Version 12.00
# Visual Studio 15
VisualStudioVersion = 15.0.27703.2026
MinimumVisualStudioVersion = 10.0.40219.1
Project("{9A19103F-16F7-4668-BE54-9A1E7A4F7556}") = "RatingsApi", "RatingsApi\RatingsApi.csproj", "{AC143BE7-B3F7-4861-A73F-B3260488892F}"
EndProject
Project("{2150E333-8FDC-42A3-9474-1A3956D46DE8}") = "Solution Items", "Solution Items", "{8D2948B4-30DA-4088-9814-D5E1C50CFE59}"
	ProjectSection(SolutionItems) = preProject
		Rating.cs = Rating.cs
	EndProjectSection
EndProject
Global
	GlobalSection(SolutionConfigurationPlatforms) = preSolution
		Debug|Any CPU = Debug|Any CPU
		Release|Any CPU = Release|Any CPU
	EndGlobalSection
	GlobalSection(ProjectConfigurationPlatforms) = postSolution
		{AC143BE7-B3F7-4861-A73F-B3260488892F}.Debug|Any CPU.ActiveCfg = Debug|Any CPU
		{AC143BE7-B3F7-4861-A73F-B3260488892F}.Debug|Any CPU.Build.0 = Debug|Any CPU
		{AC143BE7-B3F7-4861-A73F-B3260488892F}.Release|Any CPU.ActiveCfg = Release|Any CPU
		{AC143BE7-B3F7-4861-A73F-B3260488892F}.Release|Any CPU.Build.0 = Release|Any CPU
	EndGlobalSection
	GlobalSection(SolutionProperties) = preSolution
		HideSolutionNode = FALSE
	EndGlobalSection
	GlobalSection(ExtensibilityGlobals) = postSolution
		SolutionGuid = {17CE838F-9C40-440A-BEA8-93C4822174F2}
	EndGlobalSection
EndGlobal
